// !$*UTF8*$!
{
	archiveVersion = 1;
	classes = {
	};
	objectVersion = 56;
	objects = {

/* Begin PBXBuildFile section */
		2C443BD32A784423001373D3 /* Apple_Frameworks_AppApp.swift in Sources */ = {isa = PBXBuildFile; fileRef = 2C443BD22A784423001373D3 /* Apple_Frameworks_AppApp.swift */; };
		2C443BD52A784423001373D3 /* FrameworkGridView.swift in Sources */ = {isa = PBXBuildFile; fileRef = 2C443BD42A784423001373D3 /* FrameworkGridView.swift */; };
		2C443BD72A784425001373D3 /* Assets.xcassets in Resources */ = {isa = PBXBuildFile; fileRef = 2C443BD62A784425001373D3 /* Assets.xcassets */; };
		2C443BDA2A784425001373D3 /* Preview Assets.xcassets in Resources */ = {isa = PBXBuildFile; fileRef = 2C443BD92A784425001373D3 /* Preview Assets.xcassets */; };
		2CFBF4042A78F6FE00B20EB5 /* Framework.swift in Sources */ = {isa = PBXBuildFile; fileRef = 2CFBF4032A78F6FE00B20EB5 /* Framework.swift */; };
		2CFBF4082A790BFD00B20EB5 /* FrameworkDetailView.swift in Sources */ = {isa = PBXBuildFile; fileRef = 2CFBF4072A790BFD00B20EB5 /* FrameworkDetailView.swift */; };
		2CFBF40A2A7923DA00B20EB5 /* AFButton.swift in Sources */ = {isa = PBXBuildFile; fileRef = 2CFBF4092A7923DA00B20EB5 /* AFButton.swift */; };
		2CFBF40C2A79285200B20EB5 /* FrameworkGridViewModel.swift in Sources */ = {isa = PBXBuildFile; fileRef = 2CFBF40B2A79285200B20EB5 /* FrameworkGridViewModel.swift */; };
		2CFBF40E2A79300C00B20EB5 /* SafariView.swift in Sources */ = {isa = PBXBuildFile; fileRef = 2CFBF40D2A79300B00B20EB5 /* SafariView.swift */; };
		2CFBF4102A79370E00B20EB5 /* FrameworkTitleView.swift in Sources */ = {isa = PBXBuildFile; fileRef = 2CFBF40F2A79370E00B20EB5 /* FrameworkTitleView.swift */; };
/* End PBXBuildFile section */

/* Begin PBXFileReference section */
		2C443BCF2A784423001373D3 /* Apple-Frameworks-App.app */ = {isa = PBXFileReference; explicitFileType = wrapper.application; includeInIndex = 0; path = "Apple-Frameworks-App.app"; sourceTree = BUILT_PRODUCTS_DIR; };
		2C443BD22A784423001373D3 /* Apple_Frameworks_AppApp.swift */ = {isa = PBXFileReference; lastKnownFileType = sourcecode.swift; path = Apple_Frameworks_AppApp.swift; sourceTree = "<group>"; };
		2C443BD42A784423001373D3 /* FrameworkGridView.swift */ = {isa = PBXFileReference; lastKnownFileType = sourcecode.swift; path = FrameworkGridView.swift; sourceTree = "<group>"; };
		2C443BD62A784425001373D3 /* Assets.xcassets */ = {isa = PBXFileReference; lastKnownFileType = folder.assetcatalog; path = Assets.xcassets; sourceTree = "<group>"; };
		2C443BD92A784425001373D3 /* Preview Assets.xcassets */ = {isa = PBXFileReference; lastKnownFileType = folder.assetcatalog; path = "Preview Assets.xcassets"; sourceTree = "<group>"; };
		2CFBF4032A78F6FE00B20EB5 /* Framework.swift */ = {isa = PBXFileReference; lastKnownFileType = sourcecode.swift; path = Framework.swift; sourceTree = "<group>"; };
		2CFBF4072A790BFD00B20EB5 /* FrameworkDetailView.swift */ = {isa = PBXFileReference; lastKnownFileType = sourcecode.swift; path = FrameworkDetailView.swift; sourceTree = "<group>"; };
		2CFBF4092A7923DA00B20EB5 /* AFButton.swift */ = {isa = PBXFileReference; lastKnownFileType = sourcecode.swift; path = AFButton.swift; sourceTree = "<group>"; };
		2CFBF40B2A79285200B20EB5 /* FrameworkGridViewModel.swift */ = {isa = PBXFileReference; lastKnownFileType = sourcecode.swift; path = FrameworkGridViewModel.swift; sourceTree = "<group>"; };
		2CFBF40D2A79300B00B20EB5 /* SafariView.swift */ = {isa = PBXFileReference; lastKnownFileType = sourcecode.swift; path = SafariView.swift; sourceTree = "<group>"; };
		2CFBF40F2A79370E00B20EB5 /* FrameworkTitleView.swift */ = {isa = PBXFileReference; lastKnownFileType = sourcecode.swift; path = FrameworkTitleView.swift; sourceTree = "<group>"; };
/* End PBXFileReference section */

/* Begin PBXFrameworksBuildPhase section */
		2C443BCC2A784423001373D3 /* Frameworks */ = {
			isa = PBXFrameworksBuildPhase;
			buildActionMask = 2147483647;
			files = (
			);
			runOnlyForDeploymentPostprocessing = 0;
		};
/* End PBXFrameworksBuildPhase section */

/* Begin PBXGroup section */
		2C443BC62A784423001373D3 = {
			isa = PBXGroup;
			children = (
				2C443BD12A784423001373D3 /* Apple-Frameworks-App */,
				2C443BD02A784423001373D3 /* Products */,
			);
			sourceTree = "<group>";
		};
		2C443BD02A784423001373D3 /* Products */ = {
			isa = PBXGroup;
			children = (
				2C443BCF2A784423001373D3 /* Apple-Frameworks-App.app */,
			);
			name = Products;
			sourceTree = "<group>";
		};
		2C443BD12A784423001373D3 /* Apple-Frameworks-App */ = {
			isa = PBXGroup;
			children = (
				2CFBF4162A79393B00B20EB5 /* Model */,
				2CFBF4172A79396900B20EB5 /* View */,
				2CFBF4132A7938BD00B20EB5 /* ViewModel */,
				2CFBF41A2A7939C400B20EB5 /* UIKit Components */,
				2C443BD22A784423001373D3 /* Apple_Frameworks_AppApp.swift */,
				2C443BD62A784425001373D3 /* Assets.xcassets */,
				2C443BD82A784425001373D3 /* Preview Content */,
			);
			path = "Apple-Frameworks-App";
			sourceTree = "<group>";
		};
		2C443BD82A784425001373D3 /* Preview Content */ = {
			isa = PBXGroup;
			children = (
				2C443BD92A784425001373D3 /* Preview Assets.xcassets */,
			);
			path = "Preview Content";
			sourceTree = "<group>";
		};
		2CFBF4132A7938BD00B20EB5 /* ViewModel */ = {
			isa = PBXGroup;
			children = (
				2CFBF40B2A79285200B20EB5 /* FrameworkGridViewModel.swift */,
			);
			path = ViewModel;
			sourceTree = "<group>";
		};
		2CFBF4162A79393B00B20EB5 /* Model */ = {
			isa = PBXGroup;
			children = (
				2CFBF4032A78F6FE00B20EB5 /* Framework.swift */,
			);
			path = Model;
			sourceTree = "<group>";
		};
		2CFBF4172A79396900B20EB5 /* View */ = {
			isa = PBXGroup;
			children = (
				2C443BD42A784423001373D3 /* FrameworkGridView.swift */,
				2CFBF40F2A79370E00B20EB5 /* FrameworkTitleView.swift */,
				2CFBF4092A7923DA00B20EB5 /* AFButton.swift */,
				2CFBF4072A790BFD00B20EB5 /* FrameworkDetailView.swift */,
			);
			path = View;
			sourceTree = "<group>";
		};
		2CFBF41A2A7939C400B20EB5 /* UIKit Components */ = {
			isa = PBXGroup;
			children = (
				2CFBF40D2A79300B00B20EB5 /* SafariView.swift */,
			);
			path = "UIKit Components";
			sourceTree = "<group>";
		};
/* End PBXGroup section */

/* Begin PBXNativeTarget section */
		2C443BCE2A784423001373D3 /* Apple-Frameworks-App */ = {
			isa = PBXNativeTarget;
			buildConfigurationList = 2C443BDD2A784425001373D3 /* Build configuration list for PBXNativeTarget "Apple-Frameworks-App" */;
			buildPhases = (
				2C443BCB2A784423001373D3 /* Sources */,
				2C443BCC2A784423001373D3 /* Frameworks */,
				2C443BCD2A784423001373D3 /* Resources */,
			);
			buildRules = (
			);
			dependencies = (
			);
			name = "Apple-Frameworks-App";
			productName = "Apple-Frameworks-App";
			productReference = 2C443BCF2A784423001373D3 /* Apple-Frameworks-App.app */;
			productType = "com.apple.product-type.application";
		};
/* End PBXNativeTarget section */

/* Begin PBXProject section */
		2C443BC72A784423001373D3 /* Project object */ = {
			isa = PBXProject;
			attributes = {
				BuildIndependentTargetsInParallel = 1;
				LastSwiftUpdateCheck = 1430;
				LastUpgradeCheck = 1510;
				TargetAttributes = {
					2C443BCE2A784423001373D3 = {
						CreatedOnToolsVersion = 14.3.1;
					};
				};
			};
			buildConfigurationList = 2C443BCA2A784423001373D3 /* Build configuration list for PBXProject "Apple-Frameworks-App" */;
			compatibilityVersion = "Xcode 14.0";
			developmentRegion = en;
			hasScannedForEncodings = 0;
			knownRegions = (
				en,
				Base,
			);
			mainGroup = 2C443BC62A784423001373D3;
			productRefGroup = 2C443BD02A784423001373D3 /* Products */;
			projectDirPath = "";
			projectRoot = "";
			targets = (
				2C443BCE2A784423001373D3 /* Apple-Frameworks-App */,
			);
		};
/* End PBXProject section */

/* Begin PBXResourcesBuildPhase section */
		2C443BCD2A784423001373D3 /* Resources */ = {
			isa = PBXResourcesBuildPhase;
			buildActionMask = 2147483647;
			files = (
				2C443BDA2A784425001373D3 /* Preview Assets.xcassets in Resources */,
				2C443BD72A784425001373D3 /* Assets.xcassets in Resources */,
			);
			runOnlyForDeploymentPostprocessing = 0;
		};
/* End PBXResourcesBuildPhase section */

/* Begin PBXSourcesBuildPhase section */
		2C443BCB2A784423001373D3 /* Sources */ = {
			isa = PBXSourcesBuildPhase;
			buildActionMask = 2147483647;
			files = (
				2CFBF4082A790BFD00B20EB5 /* FrameworkDetailView.swift in Sources */,
				2C443BD52A784423001373D3 /* FrameworkGridView.swift in Sources */,
				2CFBF4042A78F6FE00B20EB5 /* Framework.swift in Sources */,
				2CFBF40A2A7923DA00B20EB5 /* AFButton.swift in Sources */,
				2C443BD32A784423001373D3 /* Apple_Frameworks_AppApp.swift in Sources */,
				2CFBF40C2A79285200B20EB5 /* FrameworkGridViewModel.swift in Sources */,
				2CFBF4102A79370E00B20EB5 /* FrameworkTitleView.swift in Sources */,
				2CFBF40E2A79300C00B20EB5 /* SafariView.swift in Sources */,
			);
			runOnlyForDeploymentPostprocessing = 0;
		};
/* End PBXSourcesBuildPhase section */

/* Begin XCBuildConfiguration section */
		2C443BDB2A784425001373D3 /* Debug */ = {
			isa = XCBuildConfiguration;
			buildSettings = {
				ALWAYS_SEARCH_USER_PATHS = NO;
				CLANG_ANALYZER_NONNULL = YES;
				CLANG_ANALYZER_NUMBER_OBJECT_CONVERSION = YES_AGGRESSIVE;
				CLANG_CXX_LANGUAGE_STANDARD = "gnu++20";
				CLANG_ENABLE_MODULES = YES;
				CLANG_ENABLE_OBJC_ARC = YES;
				CLANG_ENABLE_OBJC_WEAK = YES;
				CLANG_WARN_BLOCK_CAPTURE_AUTORELEASING = YES;
				CLANG_WARN_BOOL_CONVERSION = YES;
				CLANG_WARN_COMMA = YES;
				CLANG_WARN_CONSTANT_CONVERSION = YES;
				CLANG_WARN_DEPRECATED_OBJC_IMPLEMENTATIONS = YES;
				CLANG_WARN_DIRECT_OBJC_ISA_USAGE = YES_ERROR;
				CLANG_WARN_DOCUMENTATION_COMMENTS = YES;
				CLANG_WARN_EMPTY_BODY = YES;
				CLANG_WARN_ENUM_CONVERSION = YES;
				CLANG_WARN_INFINITE_RECURSION = YES;
				CLANG_WARN_INT_CONVERSION = YES;
				CLANG_WARN_NON_LITERAL_NULL_CONVERSION = YES;
				CLANG_WARN_OBJC_IMPLICIT_RETAIN_SELF = YES;
				CLANG_WARN_OBJC_LITERAL_CONVERSION = YES;
				CLANG_WARN_OBJC_ROOT_CLASS = YES_ERROR;
				CLANG_WARN_QUOTED_INCLUDE_IN_FRAMEWORK_HEADER = YES;
				CLANG_WARN_RANGE_LOOP_ANALYSIS = YES;
				CLANG_WARN_STRICT_PROTOTYPES = YES;
				CLANG_WARN_SUSPICIOUS_MOVE = YES;
				CLANG_WARN_UNGUARDED_AVAILABILITY = YES_AGGRESSIVE;
				CLANG_WARN_UNREACHABLE_CODE = YES;
				CLANG_WARN__DUPLICATE_METHOD_MATCH = YES;
				COPY_PHASE_STRIP = NO;
				DEBUG_INFORMATION_FORMAT = dwarf;
				ENABLE_STRICT_OBJC_MSGSEND = YES;
				ENABLE_TESTABILITY = YES;
				ENABLE_USER_SCRIPT_SANDBOXING = YES;
				GCC_C_LANGUAGE_STANDARD = gnu11;
				GCC_DYNAMIC_NO_PIC = NO;
				GCC_NO_COMMON_BLOCKS = YES;
				GCC_OPTIMIZATION_LEVEL = 0;
				GCC_PREPROCESSOR_DEFINITIONS = (
					"DEBUG=1",
					"$(inherited)",
				);
				GCC_WARN_64_TO_32_BIT_CONVERSION = YES;
				GCC_WARN_ABOUT_RETURN_TYPE = YES_ERROR;
				GCC_WARN_UNDECLARED_SELECTOR = YES;
				GCC_WARN_UNINITIALIZED_AUTOS = YES_AGGRESSIVE;
				GCC_WARN_UNUSED_FUNCTION = YES;
				GCC_WARN_UNUSED_VARIABLE = YES;
				IPHONEOS_DEPLOYMENT_TARGET = 16.4;
				MTL_ENABLE_DEBUG_INFO = INCLUDE_SOURCE;
				MTL_FAST_MATH = YES;
				ONLY_ACTIVE_ARCH = YES;
				SDKROOT = iphoneos;
				SWIFT_ACTIVE_COMPILATION_CONDITIONS = DEBUG;
				SWIFT_OPTIMIZATION_LEVEL = "-Onone";
			};
			name = Debug;
		};
		2C443BDC2A784425001373D3 /* Release */ = {
			isa = XCBuildConfiguration;
			buildSettings = {
				ALWAYS_SEARCH_USER_PATHS = NO;
				CLANG_ANALYZER_NONNULL = YES;
				CLANG_ANALYZER_NUMBER_OBJECT_CONVERSION = YES_AGGRESSIVE;
				CLANG_CXX_LANGUAGE_STANDARD = "gnu++20";
				CLANG_ENABLE_MODULES = YES;
				CLANG_ENABLE_OBJC_ARC = YES;
				CLANG_ENABLE_OBJC_WEAK = YES;
				CLANG_WARN_BLOCK_CAPTURE_AUTORELEASING = YES;
				CLANG_WARN_BOOL_CONVERSION = YES;
				CLANG_WARN_COMMA = YES;
				CLANG_WARN_CONSTANT_CONVERSION = YES;
				CLANG_WARN_DEPRECATED_OBJC_IMPLEMENTATIONS = YES;
				CLANG_WARN_DIRECT_OBJC_ISA_USAGE = YES_ERROR;
				CLANG_WARN_DOCUMENTATION_COMMENTS = YES;
				CLANG_WARN_EMPTY_BODY = YES;
				CLANG_WARN_ENUM_CONVERSION = YES;
				CLANG_WARN_INFINITE_RECURSION = YES;
				CLANG_WARN_INT_CONVERSION = YES;
				CLANG_WARN_NON_LITERAL_NULL_CONVERSION = YES;
				CLANG_WARN_OBJC_IMPLICIT_RETAIN_SELF = YES;
				CLANG_WARN_OBJC_LITERAL_CONVERSION = YES;
				CLANG_WARN_OBJC_ROOT_CLASS = YES_ERROR;
				CLANG_WARN_QUOTED_INCLUDE_IN_FRAMEWORK_HEADER = YES;
				CLANG_WARN_RANGE_LOOP_ANALYSIS = YES;
				CLANG_WARN_STRICT_PROTOTYPES = YES;
				CLANG_WARN_SUSPICIOUS_MOVE = YES;
				CLANG_WARN_UNGUARDED_AVAILABILITY = YES_AGGRESSIVE;
				CLANG_WARN_UNREACHABLE_CODE = YES;
				CLANG_WARN__DUPLICATE_METHOD_MATCH = YES;
				COPY_PHASE_STRIP = NO;
				DEBUG_INFORMATION_FORMAT = "dwarf-with-dsym";
				ENABLE_NS_ASSERTIONS = NO;
				ENABLE_STRICT_OBJC_MSGSEND = YES;
				ENABLE_USER_SCRIPT_SANDBOXING = YES;
				GCC_C_LANGUAGE_STANDARD = gnu11;
				GCC_NO_COMMON_BLOCKS = YES;
				GCC_WARN_64_TO_32_BIT_CONVERSION = YES;
				GCC_WARN_ABOUT_RETURN_TYPE = YES_ERROR;
				GCC_WARN_UNDECLARED_SELECTOR = YES;
				GCC_WARN_UNINITIALIZED_AUTOS = YES_AGGRESSIVE;
				GCC_WARN_UNUSED_FUNCTION = YES;
				GCC_WARN_UNUSED_VARIABLE = YES;
				IPHONEOS_DEPLOYMENT_TARGET = 16.4;
				MTL_ENABLE_DEBUG_INFO = NO;
				MTL_FAST_MATH = YES;
				SDKROOT = iphoneos;
				SWIFT_COMPILATION_MODE = wholemodule;
				SWIFT_OPTIMIZATION_LEVEL = "-O";
				VALIDATE_PRODUCT = YES;
			};
			name = Release;
		};
		2C443BDE2A784425001373D3 /* Debug */ = {
			isa = XCBuildConfiguration;
			buildSettings = {
				ASSETCATALOG_COMPILER_APPICON_NAME = AppIcon;
				ASSETCATALOG_COMPILER_GLOBAL_ACCENT_COLOR_NAME = AccentColor;
				CODE_SIGN_STYLE = Automatic;
				CURRENT_PROJECT_VERSION = 1;
				DEVELOPMENT_ASSET_PATHS = "\"Apple-Frameworks-App/Preview Content\"";
				DEVELOPMENT_TEAM = 2RSSAT6Q24;
				ENABLE_PREVIEWS = YES;
				GENERATE_INFOPLIST_FILE = YES;
				INFOPLIST_KEY_UIApplicationSceneManifest_Generation = YES;
				INFOPLIST_KEY_UIApplicationSupportsIndirectInputEvents = YES;
				INFOPLIST_KEY_UILaunchScreen_Generation = YES;
				INFOPLIST_KEY_UISupportedInterfaceOrientations = UIInterfaceOrientationPortrait;
				INFOPLIST_KEY_UISupportedInterfaceOrientations_iPad = "UIInterfaceOrientationLandscapeLeft UIInterfaceOrientationLandscapeRight UIInterfaceOrientationPortrait UIInterfaceOrientationPortraitUpsideDown";
				IPHONEOS_DEPLOYMENT_TARGET = 17.2;
				LD_RUNPATH_SEARCH_PATHS = (
					"$(inherited)",
					"@executable_path/Frameworks",
				);
				MARKETING_VERSION = 1.0;
				PRODUCT_BUNDLE_IDENTIFIER = "sandeep.hegde.com.Apple-Frameworks-App";
				PRODUCT_NAME = "$(TARGET_NAME)";
				SUPPORTED_PLATFORMS = "iphoneos iphonesimulator";
				SUPPORTS_MACCATALYST = NO;
				SUPPORTS_MAC_DESIGNED_FOR_IPHONE_IPAD = NO;
				SWIFT_EMIT_LOC_STRINGS = YES;
				SWIFT_VERSION = 5.0;
				TARGETED_DEVICE_FAMILY = 1;
			};
			name = Debug;
		};
		2C443BDF2A784425001373D3 /* Release */ = {
			isa = XCBuildConfiguration;
			buildSettings = {
				ASSETCATALOG_COMPILER_APPICON_NAME = AppIcon;
				ASSETCATALOG_COMPILER_GLOBAL_ACCENT_COLOR_NAME = AccentColor;
				CODE_SIGN_STYLE = Automatic;
				CURRENT_PROJECT_VERSION = 1;
				DEVELOPMENT_ASSET_PATHS = "\"Apple-Frameworks-App/Preview Content\"";
				DEVELOPMENT_TEAM = 2RSSAT6Q24;
				ENABLE_PREVIEWS = YES;
				GENERATE_INFOPLIST_FILE = YES;
				INFOPLIST_KEY_UIApplicationSceneManifest_Generation = YES;
				INFOPLIST_KEY_UIApplicationSupportsIndirectInputEvents = YES;
				INFOPLIST_KEY_UILaunchScreen_Generation = YES;
				INFOPLIST_KEY_UISupportedInterfaceOrientations = UIInterfaceOrientationPortrait;
				INFOPLIST_KEY_UISupportedInterfaceOrientations_iPad = "UIInterfaceOrientationLandscapeLeft UIInterfaceOrientationLandscapeRight UIInterfaceOrientationPortrait UIInterfaceOrientationPortraitUpsideDown";
				IPHONEOS_DEPLOYMENT_TARGET = 17.2;
				LD_RUNPATH_SEARCH_PATHS = (
					"$(inherited)",
					"@executable_path/Frameworks",
				);
				MARKETING_VERSION = 1.0;
				PRODUCT_BUNDLE_IDENTIFIER = "sandeep.hegde.com.Apple-Frameworks-App";
				PRODUCT_NAME = "$(TARGET_NAME)";
				SUPPORTED_PLATFORMS = "iphoneos iphonesimulator";
				SUPPORTS_MACCATALYST = NO;
				SUPPORTS_MAC_DESIGNED_FOR_IPHONE_IPAD = NO;
				SWIFT_EMIT_LOC_STRINGS = YES;
				SWIFT_VERSION = 5.0;
				TARGETED_DEVICE_FAMILY = 1;
			};
			name = Release;
		};
/* End XCBuildConfiguration section */

/* Begin XCConfigurationList section */
		2C443BCA2A784423001373D3 /* Build configuration list for PBXProject "Apple-Frameworks-App" */ = {
			isa = XCConfigurationList;
			buildConfigurations = (
				2C443BDB2A784425001373D3 /* Debug */,
				2C443BDC2A784425001373D3 /* Release */,
			);
			defaultConfigurationIsVisible = 0;
			defaultConfigurationName = Release;
		};
		2C443BDD2A784425001373D3 /* Build configuration list for PBXNativeTarget "Apple-Frameworks-App" */ = {
			isa = XCConfigurationList;
			buildConfigurations = (
				2C443BDE2A784425001373D3 /* Debug */,
				2C443BDF2A784425001373D3 /* Release */,
			);
			defaultConfigurationIsVisible = 0;
			defaultConfigurationName = Release;
		};
/* End XCConfigurationList section */
	};
	rootObject = 2C443BC72A784423001373D3 /* Project object */;
}
